
Microsoft Visual Studio Solution File, Format Version 12.00
# Visual Studio Version 16
VisualStudioVersion = 16.0.30011.22
MinimumVisualStudioVersion = 10.0.40219.1
Project("{FAE04EC0-301F-11D3-BF4B-00C04F79EFBC}") = "UnitConversion", "UnitConversion\UnitConversion.csproj", "{BDF0B1D9-187F-4086-BA43-AB1562FC0682}"
EndProject
Global
	GlobalSection(SolutionConfigurationPlatforms) = preSolution
		Debug|Any CPU = Debug|Any CPU
		Release|Any CPU = Release|Any CPU
	EndGlobalSection
	GlobalSection(ProjectConfigurationPlatforms) = postSolution
		{BDF0B1D9-187F-4086-BA43-AB1562FC0682}.Debug|Any CPU.ActiveCfg = Debug|Any CPU
		{BDF0B1D9-187F-4086-BA43-AB1562FC0682}.Debug|Any CPU.Build.0 = Debug|Any CPU
		{BDF0B1D9-187F-4086-BA43-AB1562FC0682}.Release|Any CPU.ActiveCfg = Release|Any CPU
		{BDF0B1D9-187F-4086-BA43-AB1562FC0682}.Release|Any CPU.Build.0 = Release|Any CPU
	EndGlobalSection
	GlobalSection(SolutionProperties) = preSolution
		HideSolutionNode = FALSE
	EndGlobalSection
	GlobalSection(ExtensibilityGlobals) = postSolution
		SolutionGuid = {FC13D6AB-F34E-43C1-8F21-82645F25BD29}
	EndGlobalSection
EndGlobal
